
Microsoft Visual Studio Solution File, Format Version 12.00
# Visual Studio Version 16
VisualStudioVersion = 16.0.30413.136
MinimumVisualStudioVersion = 10.0.40219.1
Project("{FAE04EC0-301F-11D3-BF4B-00C04F79EFBC}") = "hello-world", "hello-world\hello-world.csproj", "{4FDDE663-9DEB-4D01-8B33-0CAD08743BA4}"
EndProject
Project("{FAE04EC0-301F-11D3-BF4B-00C04F79EFBC}") = "Lap02", "Lap02\Lap02.csproj", "{72B34699-A69C-4879-BB47-A8CC5F25B5A7}"
EndProject
Project("{FAE04EC0-301F-11D3-BF4B-00C04F79EFBC}") = "Lap03", "Lap03\Lap03.csproj", "{076F317C-CCFA-4303-AC86-BF761D92C611}"
EndProject
Project("{FAE04EC0-301F-11D3-BF4B-00C04F79EFBC}") = "Lap04", "Lap04\Lap04.csproj", "{910C3702-ECBA-429D-BC0C-FCAC72A5098A}"
EndProject
Project("{FAE04EC0-301F-11D3-BF4B-00C04F79EFBC}") = "Lap05", "Lap05\Lap05.csproj", "{4CADDD65-DD41-4D26-A74C-7E2FD133A630}"
EndProject
Project("{FAE04EC0-301F-11D3-BF4B-00C04F79EFBC}") = "Lap06", "Lap06\Lap06.csproj", "{3C4AAFF6-3F88-4D2A-A116-8832C9EF9DE2}"
EndProject
Project("{FAE04EC0-301F-11D3-BF4B-00C04F79EFBC}") = "Lap061", "Lap061\Lap061.csproj", "{4BA23437-40A4-458B-BC83-DD87C56E2145}"
EndProject
Project("{FAE04EC0-301F-11D3-BF4B-00C04F79EFBC}") = "StupendousStylesChallenge", "StupendousStylesChallenge\StupendousStylesChallenge.csproj", "{458E5356-7160-4D77-987A-F2B46C956AF5}"
EndProject
Project("{FAE04EC0-301F-11D3-BF4B-00C04F79EFBC}") = "UsingBlendForVisualStates", "UsingBlendForVisualStates\UsingBlendForVisualStates.csproj", "{04091B3A-F7C2-4C40-98F1-76CE0F3E369D}"
EndProject
Project("{FAE04EC0-301F-11D3-BF4B-00C04F79EFBC}") = "Lap062", "Lap062\Lap062.csproj", "{2D7B4277-8493-49CD-938E-6F00A5232355}"
EndProject
Project("{FAE04EC0-301F-11D3-BF4B-00C04F79EFBC}") = "Lap07", "Lap07\Lap07.csproj", "{5A66BAEA-C914-4D44-8A27-BEEEB5904ACF}"
EndProject
Project("{FAE04EC0-301F-11D3-BF4B-00C04F79EFBC}") = "Lap071", "lap071\Lap071.csproj", "{74CACD0F-F08B-45D2-9EA6-1F4941BC000B}"
EndProject
Project("{FAE04EC0-301F-11D3-BF4B-00C04F79EFBC}") = "Lap08", "Lap08\Lap08.csproj", "{940FE2BA-84C3-48E6-AC07-FF221F3D6612}"
EndProject
Global
	GlobalSection(SolutionConfigurationPlatforms) = preSolution
		Debug|Any CPU = Debug|Any CPU
		Debug|ARM = Debug|ARM
		Debug|ARM64 = Debug|ARM64
		Debug|x64 = Debug|x64
		Debug|x86 = Debug|x86
		Release|Any CPU = Release|Any CPU
		Release|ARM = Release|ARM
		Release|ARM64 = Release|ARM64
		Release|x64 = Release|x64
		Release|x86 = Release|x86
	EndGlobalSection
	GlobalSection(ProjectConfigurationPlatforms) = postSolution
		{4FDDE663-9DEB-4D01-8B33-0CAD08743BA4}.Debug|Any CPU.ActiveCfg = Debug|x86
		{4FDDE663-9DEB-4D01-8B33-0CAD08743BA4}.Debug|ARM.ActiveCfg = Debug|ARM
		{4FDDE663-9DEB-4D01-8B33-0CAD08743BA4}.Debug|ARM.Build.0 = Debug|ARM
		{4FDDE663-9DEB-4D01-8B33-0CAD08743BA4}.Debug|ARM.Deploy.0 = Debug|ARM
		{4FDDE663-9DEB-4D01-8B33-0CAD08743BA4}.Debug|ARM64.ActiveCfg = Debug|ARM64
		{4FDDE663-9DEB-4D01-8B33-0CAD08743BA4}.Debug|ARM64.Build.0 = Debug|ARM64
		{4FDDE663-9DEB-4D01-8B33-0CAD08743BA4}.Debug|ARM64.Deploy.0 = Debug|ARM64
		{4FDDE663-9DEB-4D01-8B33-0CAD08743BA4}.Debug|x64.ActiveCfg = Debug|x64
		{4FDDE663-9DEB-4D01-8B33-0CAD08743BA4}.Debug|x64.Build.0 = Debug|x64
		{4FDDE663-9DEB-4D01-8B33-0CAD08743BA4}.Debug|x64.Deploy.0 = Debug|x64
		{4FDDE663-9DEB-4D01-8B33-0CAD08743BA4}.Debug|x86.ActiveCfg = Debug|x86
		{4FDDE663-9DEB-4D01-8B33-0CAD08743BA4}.Debug|x86.Build.0 = Debug|x86
		{4FDDE663-9DEB-4D01-8B33-0CAD08743BA4}.Debug|x86.Deploy.0 = Debug|x86
		{4FDDE663-9DEB-4D01-8B33-0CAD08743BA4}.Release|Any CPU.ActiveCfg = Release|x86
		{4FDDE663-9DEB-4D01-8B33-0CAD08743BA4}.Release|ARM.ActiveCfg = Release|ARM
		{4FDDE663-9DEB-4D01-8B33-0CAD08743BA4}.Release|ARM.Build.0 = Release|ARM
		{4FDDE663-9DEB-4D01-8B33-0CAD08743BA4}.Release|ARM.Deploy.0 = Release|ARM
		{4FDDE663-9DEB-4D01-8B33-0CAD08743BA4}.Release|ARM64.ActiveCfg = Release|ARM64
		{4FDDE663-9DEB-4D01-8B33-0CAD08743BA4}.Release|ARM64.Build.0 = Release|ARM64
		{4FDDE663-9DEB-4D01-8B33-0CAD08743BA4}.Release|ARM64.Deploy.0 = Release|ARM64
		{4FDDE663-9DEB-4D01-8B33-0CAD08743BA4}.Release|x64.ActiveCfg = Release|x64
		{4FDDE663-9DEB-4D01-8B33-0CAD08743BA4}.Release|x64.Build.0 = Release|x64
		{4FDDE663-9DEB-4D01-8B33-0CAD08743BA4}.Release|x64.Deploy.0 = Release|x64
		{4FDDE663-9DEB-4D01-8B33-0CAD08743BA4}.Release|x86.ActiveCfg = Release|x86
		{4FDDE663-9DEB-4D01-8B33-0CAD08743BA4}.Release|x86.Build.0 = Release|x86
		{4FDDE663-9DEB-4D01-8B33-0CAD08743BA4}.Release|x86.Deploy.0 = Release|x86
		{72B34699-A69C-4879-BB47-A8CC5F25B5A7}.Debug|Any CPU.ActiveCfg = Debug|x86
		{72B34699-A69C-4879-BB47-A8CC5F25B5A7}.Debug|ARM.ActiveCfg = Debug|ARM
		{72B34699-A69C-4879-BB47-A8CC5F25B5A7}.Debug|ARM.Build.0 = Debug|ARM
		{72B34699-A69C-4879-BB47-A8CC5F25B5A7}.Debug|ARM.Deploy.0 = Debug|ARM
		{72B34699-A69C-4879-BB47-A8CC5F25B5A7}.Debug|ARM64.ActiveCfg = Debug|ARM64
		{72B34699-A69C-4879-BB47-A8CC5F25B5A7}.Debug|ARM64.Build.0 = Debug|ARM64
		{72B34699-A69C-4879-BB47-A8CC5F25B5A7}.Debug|ARM64.Deploy.0 = Debug|ARM64
		{72B34699-A69C-4879-BB47-A8CC5F25B5A7}.Debug|x64.ActiveCfg = Debug|x64
		{72B34699-A69C-4879-BB47-A8CC5F25B5A7}.Debug|x64.Build.0 = Debug|x64
		{72B34699-A69C-4879-BB47-A8CC5F25B5A7}.Debug|x64.Deploy.0 = Debug|x64
		{72B34699-A69C-4879-BB47-A8CC5F25B5A7}.Debug|x86.ActiveCfg = Debug|x86
		{72B34699-A69C-4879-BB47-A8CC5F25B5A7}.Debug|x86.Build.0 = Debug|x86
		{72B34699-A69C-4879-BB47-A8CC5F25B5A7}.Debug|x86.Deploy.0 = Debug|x86
		{72B34699-A69C-4879-BB47-A8CC5F25B5A7}.Release|Any CPU.ActiveCfg = Release|x86
		{72B34699-A69C-4879-BB47-A8CC5F25B5A7}.Release|ARM.ActiveCfg = Release|ARM
		{72B34699-A69C-4879-BB47-A8CC5F25B5A7}.Release|ARM.Build.0 = Release|ARM
		{72B34699-A69C-4879-BB47-A8CC5F25B5A7}.Release|ARM.Deploy.0 = Release|ARM
		{72B34699-A69C-4879-BB47-A8CC5F25B5A7}.Release|ARM64.ActiveCfg = Release|ARM64
		{72B34699-A69C-4879-BB47-A8CC5F25B5A7}.Release|ARM64.Build.0 = Release|ARM64
		{72B34699-A69C-4879-BB47-A8CC5F25B5A7}.Release|ARM64.Deploy.0 = Release|ARM64
		{72B34699-A69C-4879-BB47-A8CC5F25B5A7}.Release|x64.ActiveCfg = Release|x64
		{72B34699-A69C-4879-BB47-A8CC5F25B5A7}.Release|x64.Build.0 = Release|x64
		{72B34699-A69C-4879-BB47-A8CC5F25B5A7}.Release|x64.Deploy.0 = Release|x64
		{72B34699-A69C-4879-BB47-A8CC5F25B5A7}.Release|x86.ActiveCfg = Release|x86
		{72B34699-A69C-4879-BB47-A8CC5F25B5A7}.Release|x86.Build.0 = Release|x86
		{72B34699-A69C-4879-BB47-A8CC5F25B5A7}.Release|x86.Deploy.0 = Release|x86
		{076F317C-CCFA-4303-AC86-BF761D92C611}.Debug|Any CPU.ActiveCfg = Debug|x86
		{076F317C-CCFA-4303-AC86-BF761D92C611}.Debug|ARM.ActiveCfg = Debug|ARM
		{076F317C-CCFA-4303-AC86-BF761D92C611}.Debug|ARM.Build.0 = Debug|ARM
		{076F317C-CCFA-4303-AC86-BF761D92C611}.Debug|ARM.Deploy.0 = Debug|ARM
		{076F317C-CCFA-4303-AC86-BF761D92C611}.Debug|ARM64.ActiveCfg = Debug|ARM64
		{076F317C-CCFA-4303-AC86-BF761D92C611}.Debug|ARM64.Build.0 = Debug|ARM64
		{076F317C-CCFA-4303-AC86-BF761D92C611}.Debug|ARM64.Deploy.0 = Debug|ARM64
		{076F317C-CCFA-4303-AC86-BF761D92C611}.Debug|x64.ActiveCfg = Debug|x64
		{076F317C-CCFA-4303-AC86-BF761D92C611}.Debug|x64.Build.0 = Debug|x64
		{076F317C-CCFA-4303-AC86-BF761D92C611}.Debug|x64.Deploy.0 = Debug|x64
		{076F317C-CCFA-4303-AC86-BF761D92C611}.Debug|x86.ActiveCfg = Debug|x86
		{076F317C-CCFA-4303-AC86-BF761D92C611}.Debug|x86.Build.0 = Debug|x86
		{076F317C-CCFA-4303-AC86-BF761D92C611}.Debug|x86.Deploy.0 = Debug|x86
		{076F317C-CCFA-4303-AC86-BF761D92C611}.Release|Any CPU.ActiveCfg = Release|x86
		{076F317C-CCFA-4303-AC86-BF761D92C611}.Release|ARM.ActiveCfg = Release|ARM
		{076F317C-CCFA-4303-AC86-BF761D92C611}.Release|ARM.Build.0 = Release|ARM
		{076F317C-CCFA-4303-AC86-BF761D92C611}.Release|ARM.Deploy.0 = Release|ARM
		{076F317C-CCFA-4303-AC86-BF761D92C611}.Release|ARM64.ActiveCfg = Release|ARM64
		{076F317C-CCFA-4303-AC86-BF761D92C611}.Release|ARM64.Build.0 = Release|ARM64
		{076F317C-CCFA-4303-AC86-BF761D92C611}.Release|ARM64.Deploy.0 = Release|ARM64
		{076F317C-CCFA-4303-AC86-BF761D92C611}.Release|x64.ActiveCfg = Release|x64
		{076F317C-CCFA-4303-AC86-BF761D92C611}.Release|x64.Build.0 = Release|x64
		{076F317C-CCFA-4303-AC86-BF761D92C611}.Release|x64.Deploy.0 = Release|x64
		{076F317C-CCFA-4303-AC86-BF761D92C611}.Release|x86.ActiveCfg = Release|x86
		{076F317C-CCFA-4303-AC86-BF761D92C611}.Release|x86.Build.0 = Release|x86
		{076F317C-CCFA-4303-AC86-BF761D92C611}.Release|x86.Deploy.0 = Release|x86
		{910C3702-ECBA-429D-BC0C-FCAC72A5098A}.Debug|Any CPU.ActiveCfg = Debug|x86
		{910C3702-ECBA-429D-BC0C-FCAC72A5098A}.Debug|ARM.ActiveCfg = Debug|ARM
		{910C3702-ECBA-429D-BC0C-FCAC72A5098A}.Debug|ARM.Build.0 = Debug|ARM
		{910C3702-ECBA-429D-BC0C-FCAC72A5098A}.Debug|ARM.Deploy.0 = Debug|ARM
		{910C3702-ECBA-429D-BC0C-FCAC72A5098A}.Debug|ARM64.ActiveCfg = Debug|ARM64
		{910C3702-ECBA-429D-BC0C-FCAC72A5098A}.Debug|ARM64.Build.0 = Debug|ARM64
		{910C3702-ECBA-429D-BC0C-FCAC72A5098A}.Debug|ARM64.Deploy.0 = Debug|ARM64
		{910C3702-ECBA-429D-BC0C-FCAC72A5098A}.Debug|x64.ActiveCfg = Debug|x64
		{910C3702-ECBA-429D-BC0C-FCAC72A5098A}.Debug|x64.Build.0 = Debug|x64
		{910C3702-ECBA-429D-BC0C-FCAC72A5098A}.Debug|x64.Deploy.0 = Debug|x64
		{910C3702-ECBA-429D-BC0C-FCAC72A5098A}.Debug|x86.ActiveCfg = Debug|x86
		{910C3702-ECBA-429D-BC0C-FCAC72A5098A}.Debug|x86.Build.0 = Debug|x86
		{910C3702-ECBA-429D-BC0C-FCAC72A5098A}.Debug|x86.Deploy.0 = Debug|x86
		{910C3702-ECBA-429D-BC0C-FCAC72A5098A}.Release|Any CPU.ActiveCfg = Release|x86
		{910C3702-ECBA-429D-BC0C-FCAC72A5098A}.Release|ARM.ActiveCfg = Release|ARM
		{910C3702-ECBA-429D-BC0C-FCAC72A5098A}.Release|ARM.Build.0 = Release|ARM
		{910C3702-ECBA-429D-BC0C-FCAC72A5098A}.Release|ARM.Deploy.0 = Release|ARM
		{910C3702-ECBA-429D-BC0C-FCAC72A5098A}.Release|ARM64.ActiveCfg = Release|ARM64
		{910C3702-ECBA-429D-BC0C-FCAC72A5098A}.Release|ARM64.Build.0 = Release|ARM64
		{910C3702-ECBA-429D-BC0C-FCAC72A5098A}.Release|ARM64.Deploy.0 = Release|ARM64
		{910C3702-ECBA-429D-BC0C-FCAC72A5098A}.Release|x64.ActiveCfg = Release|x64
		{910C3702-ECBA-429D-BC0C-FCAC72A5098A}.Release|x64.Build.0 = Release|x64
		{910C3702-ECBA-429D-BC0C-FCAC72A5098A}.Release|x64.Deploy.0 = Release|x64
		{910C3702-ECBA-429D-BC0C-FCAC72A5098A}.Release|x86.ActiveCfg = Release|x86
		{910C3702-ECBA-429D-BC0C-FCAC72A5098A}.Release|x86.Build.0 = Release|x86
		{910C3702-ECBA-429D-BC0C-FCAC72A5098A}.Release|x86.Deploy.0 = Release|x86
		{4CADDD65-DD41-4D26-A74C-7E2FD133A630}.Debug|Any CPU.ActiveCfg = Debug|x86
		{4CADDD65-DD41-4D26-A74C-7E2FD133A630}.Debug|ARM.ActiveCfg = Debug|ARM
		{4CADDD65-DD41-4D26-A74C-7E2FD133A630}.Debug|ARM.Build.0 = Debug|ARM
		{4CADDD65-DD41-4D26-A74C-7E2FD133A630}.Debug|ARM.Deploy.0 = Debug|ARM
		{4CADDD65-DD41-4D26-A74C-7E2FD133A630}.Debug|ARM64.ActiveCfg = Debug|ARM64
		{4CADDD65-DD41-4D26-A74C-7E2FD133A630}.Debug|ARM64.Build.0 = Debug|ARM64
		{4CADDD65-DD41-4D26-A74C-7E2FD133A630}.Debug|ARM64.Deploy.0 = Debug|ARM64
		{4CADDD65-DD41-4D26-A74C-7E2FD133A630}.Debug|x64.ActiveCfg = Debug|x64
		{4CADDD65-DD41-4D26-A74C-7E2FD133A630}.Debug|x64.Build.0 = Debug|x64
		{4CADDD65-DD41-4D26-A74C-7E2FD133A630}.Debug|x64.Deploy.0 = Debug|x64
		{4CADDD65-DD41-4D26-A74C-7E2FD133A630}.Debug|x86.ActiveCfg = Debug|x86
		{4CADDD65-DD41-4D26-A74C-7E2FD133A630}.Debug|x86.Build.0 = Debug|x86
		{4CADDD65-DD41-4D26-A74C-7E2FD133A630}.Debug|x86.Deploy.0 = Debug|x86
		{4CADDD65-DD41-4D26-A74C-7E2FD133A630}.Release|Any CPU.ActiveCfg = Release|x86
		{4CADDD65-DD41-4D26-A74C-7E2FD133A630}.Release|ARM.ActiveCfg = Release|ARM
		{4CADDD65-DD41-4D26-A74C-7E2FD133A630}.Release|ARM.Build.0 = Release|ARM
		{4CADDD65-DD41-4D26-A74C-7E2FD133A630}.Release|ARM.Deploy.0 = Release|ARM
		{4CADDD65-DD41-4D26-A74C-7E2FD133A630}.Release|ARM64.ActiveCfg = Release|ARM64
		{4CADDD65-DD41-4D26-A74C-7E2FD133A630}.Release|ARM64.Build.0 = Release|ARM64
		{4CADDD65-DD41-4D26-A74C-7E2FD133A630}.Release|ARM64.Deploy.0 = Release|ARM64
		{4CADDD65-DD41-4D26-A74C-7E2FD133A630}.Release|x64.ActiveCfg = Release|x64
		{4CADDD65-DD41-4D26-A74C-7E2FD133A630}.Release|x64.Build.0 = Release|x64
		{4CADDD65-DD41-4D26-A74C-7E2FD133A630}.Release|x64.Deploy.0 = Release|x64
		{4CADDD65-DD41-4D26-A74C-7E2FD133A630}.Release|x86.ActiveCfg = Release|x86
		{4CADDD65-DD41-4D26-A74C-7E2FD133A630}.Release|x86.Build.0 = Release|x86
		{4CADDD65-DD41-4D26-A74C-7E2FD133A630}.Release|x86.Deploy.0 = Release|x86
		{3C4AAFF6-3F88-4D2A-A116-8832C9EF9DE2}.Debug|Any CPU.ActiveCfg = Debug|x86
		{3C4AAFF6-3F88-4D2A-A116-8832C9EF9DE2}.Debug|ARM.ActiveCfg = Debug|ARM
		{3C4AAFF6-3F88-4D2A-A116-8832C9EF9DE2}.Debug|ARM.Build.0 = Debug|ARM
		{3C4AAFF6-3F88-4D2A-A116-8832C9EF9DE2}.Debug|ARM.Deploy.0 = Debug|ARM
		{3C4AAFF6-3F88-4D2A-A116-8832C9EF9DE2}.Debug|ARM64.ActiveCfg = Debug|ARM64
		{3C4AAFF6-3F88-4D2A-A116-8832C9EF9DE2}.Debug|ARM64.Build.0 = Debug|ARM64
		{3C4AAFF6-3F88-4D2A-A116-8832C9EF9DE2}.Debug|ARM64.Deploy.0 = Debug|ARM64
		{3C4AAFF6-3F88-4D2A-A116-8832C9EF9DE2}.Debug|x64.ActiveCfg = Debug|x64
		{3C4AAFF6-3F88-4D2A-A116-8832C9EF9DE2}.Debug|x64.Build.0 = Debug|x64
		{3C4AAFF6-3F88-4D2A-A116-8832C9EF9DE2}.Debug|x64.Deploy.0 = Debug|x64
		{3C4AAFF6-3F88-4D2A-A116-8832C9EF9DE2}.Debug|x86.ActiveCfg = Debug|x86
		{3C4AAFF6-3F88-4D2A-A116-8832C9EF9DE2}.Debug|x86.Build.0 = Debug|x86
		{3C4AAFF6-3F88-4D2A-A116-8832C9EF9DE2}.Debug|x86.Deploy.0 = Debug|x86
		{3C4AAFF6-3F88-4D2A-A116-8832C9EF9DE2}.Release|Any CPU.ActiveCfg = Release|x86
		{3C4AAFF6-3F88-4D2A-A116-8832C9EF9DE2}.Release|ARM.ActiveCfg = Release|ARM
		{3C4AAFF6-3F88-4D2A-A116-8832C9EF9DE2}.Release|ARM.Build.0 = Release|ARM
		{3C4AAFF6-3F88-4D2A-A116-8832C9EF9DE2}.Release|ARM.Deploy.0 = Release|ARM
		{3C4AAFF6-3F88-4D2A-A116-8832C9EF9DE2}.Release|ARM64.ActiveCfg = Release|ARM64
		{3C4AAFF6-3F88-4D2A-A116-8832C9EF9DE2}.Release|ARM64.Build.0 = Release|ARM64
		{3C4AAFF6-3F88-4D2A-A116-8832C9EF9DE2}.Release|ARM64.Deploy.0 = Release|ARM64
		{3C4AAFF6-3F88-4D2A-A116-8832C9EF9DE2}.Release|x64.ActiveCfg = Release|x64
		{3C4AAFF6-3F88-4D2A-A116-8832C9EF9DE2}.Release|x64.Build.0 = Release|x64
		{3C4AAFF6-3F88-4D2A-A116-8832C9EF9DE2}.Release|x64.Deploy.0 = Release|x64
		{3C4AAFF6-3F88-4D2A-A116-8832C9EF9DE2}.Release|x86.ActiveCfg = Release|x86
		{3C4AAFF6-3F88-4D2A-A116-8832C9EF9DE2}.Release|x86.Build.0 = Release|x86
		{3C4AAFF6-3F88-4D2A-A116-8832C9EF9DE2}.Release|x86.Deploy.0 = Release|x86
		{4BA23437-40A4-458B-BC83-DD87C56E2145}.Debug|Any CPU.ActiveCfg = Debug|x86
		{4BA23437-40A4-458B-BC83-DD87C56E2145}.Debug|ARM.ActiveCfg = Debug|ARM
		{4BA23437-40A4-458B-BC83-DD87C56E2145}.Debug|ARM.Build.0 = Debug|ARM
		{4BA23437-40A4-458B-BC83-DD87C56E2145}.Debug|ARM.Deploy.0 = Debug|ARM
		{4BA23437-40A4-458B-BC83-DD87C56E2145}.Debug|ARM64.ActiveCfg = Debug|ARM64
		{4BA23437-40A4-458B-BC83-DD87C56E2145}.Debug|ARM64.Build.0 = Debug|ARM64
		{4BA23437-40A4-458B-BC83-DD87C56E2145}.Debug|ARM64.Deploy.0 = Debug|ARM64
		{4BA23437-40A4-458B-BC83-DD87C56E2145}.Debug|x64.ActiveCfg = Debug|x64
		{4BA23437-40A4-458B-BC83-DD87C56E2145}.Debug|x64.Build.0 = Debug|x64
		{4BA23437-40A4-458B-BC83-DD87C56E2145}.Debug|x64.Deploy.0 = Debug|x64
		{4BA23437-40A4-458B-BC83-DD87C56E2145}.Debug|x86.ActiveCfg = Debug|x86
		{4BA23437-40A4-458B-BC83-DD87C56E2145}.Debug|x86.Build.0 = Debug|x86
		{4BA23437-40A4-458B-BC83-DD87C56E2145}.Debug|x86.Deploy.0 = Debug|x86
		{4BA23437-40A4-458B-BC83-DD87C56E2145}.Release|Any CPU.ActiveCfg = Release|x86
		{4BA23437-40A4-458B-BC83-DD87C56E2145}.Release|ARM.ActiveCfg = Release|ARM
		{4BA23437-40A4-458B-BC83-DD87C56E2145}.Release|ARM.Build.0 = Release|ARM
		{4BA23437-40A4-458B-BC83-DD87C56E2145}.Release|ARM.Deploy.0 = Release|ARM
		{4BA23437-40A4-458B-BC83-DD87C56E2145}.Release|ARM64.ActiveCfg = Release|ARM64
		{4BA23437-40A4-458B-BC83-DD87C56E2145}.Release|ARM64.Build.0 = Release|ARM64
		{4BA23437-40A4-458B-BC83-DD87C56E2145}.Release|ARM64.Deploy.0 = Release|ARM64
		{4BA23437-40A4-458B-BC83-DD87C56E2145}.Release|x64.ActiveCfg = Release|x64
		{4BA23437-40A4-458B-BC83-DD87C56E2145}.Release|x64.Build.0 = Release|x64
		{4BA23437-40A4-458B-BC83-DD87C56E2145}.Release|x64.Deploy.0 = Release|x64
		{4BA23437-40A4-458B-BC83-DD87C56E2145}.Release|x86.ActiveCfg = Release|x86
		{4BA23437-40A4-458B-BC83-DD87C56E2145}.Release|x86.Build.0 = Release|x86
		{4BA23437-40A4-458B-BC83-DD87C56E2145}.Release|x86.Deploy.0 = Release|x86
		{458E5356-7160-4D77-987A-F2B46C956AF5}.Debug|Any CPU.ActiveCfg = Debug|x86
		{458E5356-7160-4D77-987A-F2B46C956AF5}.Debug|ARM.ActiveCfg = Debug|ARM
		{458E5356-7160-4D77-987A-F2B46C956AF5}.Debug|ARM.Build.0 = Debug|ARM
		{458E5356-7160-4D77-987A-F2B46C956AF5}.Debug|ARM.Deploy.0 = Debug|ARM
		{458E5356-7160-4D77-987A-F2B46C956AF5}.Debug|ARM64.ActiveCfg = Debug|ARM64
		{458E5356-7160-4D77-987A-F2B46C956AF5}.Debug|ARM64.Build.0 = Debug|ARM64
		{458E5356-7160-4D77-987A-F2B46C956AF5}.Debug|ARM64.Deploy.0 = Debug|ARM64
		{458E5356-7160-4D77-987A-F2B46C956AF5}.Debug|x64.ActiveCfg = Debug|x64
		{458E5356-7160-4D77-987A-F2B46C956AF5}.Debug|x64.Build.0 = Debug|x64
		{458E5356-7160-4D77-987A-F2B46C956AF5}.Debug|x64.Deploy.0 = Debug|x64
		{458E5356-7160-4D77-987A-F2B46C956AF5}.Debug|x86.ActiveCfg = Debug|x86
		{458E5356-7160-4D77-987A-F2B46C956AF5}.Debug|x86.Build.0 = Debug|x86
		{458E5356-7160-4D77-987A-F2B46C956AF5}.Debug|x86.Deploy.0 = Debug|x86
		{458E5356-7160-4D77-987A-F2B46C956AF5}.Release|Any CPU.ActiveCfg = Release|x86
		{458E5356-7160-4D77-987A-F2B46C956AF5}.Release|ARM.ActiveCfg = Release|ARM
		{458E5356-7160-4D77-987A-F2B46C956AF5}.Release|ARM.Build.0 = Release|ARM
		{458E5356-7160-4D77-987A-F2B46C956AF5}.Release|ARM.Deploy.0 = Release|ARM
		{458E5356-7160-4D77-987A-F2B46C956AF5}.Release|ARM64.ActiveCfg = Release|ARM64
		{458E5356-7160-4D77-987A-F2B46C956AF5}.Release|ARM64.Build.0 = Release|ARM64
		{458E5356-7160-4D77-987A-F2B46C956AF5}.Release|ARM64.Deploy.0 = Release|ARM64
		{458E5356-7160-4D77-987A-F2B46C956AF5}.Release|x64.ActiveCfg = Release|x64
		{458E5356-7160-4D77-987A-F2B46C956AF5}.Release|x64.Build.0 = Release|x64
		{458E5356-7160-4D77-987A-F2B46C956AF5}.Release|x64.Deploy.0 = Release|x64
		{458E5356-7160-4D77-987A-F2B46C956AF5}.Release|x86.ActiveCfg = Release|x86
		{458E5356-7160-4D77-987A-F2B46C956AF5}.Release|x86.Build.0 = Release|x86
		{458E5356-7160-4D77-987A-F2B46C956AF5}.Release|x86.Deploy.0 = Release|x86
		{04091B3A-F7C2-4C40-98F1-76CE0F3E369D}.Debug|Any CPU.ActiveCfg = Debug|x86
		{04091B3A-F7C2-4C40-98F1-76CE0F3E369D}.Debug|ARM.ActiveCfg = Debug|ARM
		{04091B3A-F7C2-4C40-98F1-76CE0F3E369D}.Debug|ARM.Build.0 = Debug|ARM
		{04091B3A-F7C2-4C40-98F1-76CE0F3E369D}.Debug|ARM.Deploy.0 = Debug|ARM
		{04091B3A-F7C2-4C40-98F1-76CE0F3E369D}.Debug|ARM64.ActiveCfg = Debug|ARM64
		{04091B3A-F7C2-4C40-98F1-76CE0F3E369D}.Debug|ARM64.Build.0 = Debug|ARM64
		{04091B3A-F7C2-4C40-98F1-76CE0F3E369D}.Debug|ARM64.Deploy.0 = Debug|ARM64
		{04091B3A-F7C2-4C40-98F1-76CE0F3E369D}.Debug|x64.ActiveCfg = Debug|x64
		{04091B3A-F7C2-4C40-98F1-76CE0F3E369D}.Debug|x64.Build.0 = Debug|x64
		{04091B3A-F7C2-4C40-98F1-76CE0F3E369D}.Debug|x64.Deploy.0 = Debug|x64
		{04091B3A-F7C2-4C40-98F1-76CE0F3E369D}.Debug|x86.ActiveCfg = Debug|x86
		{04091B3A-F7C2-4C40-98F1-76CE0F3E369D}.Debug|x86.Build.0 = Debug|x86
		{04091B3A-F7C2-4C40-98F1-76CE0F3E369D}.Debug|x86.Deploy.0 = Debug|x86
		{04091B3A-F7C2-4C40-98F1-76CE0F3E369D}.Release|Any CPU.ActiveCfg = Release|x86
		{04091B3A-F7C2-4C40-98F1-76CE0F3E369D}.Release|ARM.ActiveCfg = Release|ARM
		{04091B3A-F7C2-4C40-98F1-76CE0F3E369D}.Release|ARM.Build.0 = Release|ARM
		{04091B3A-F7C2-4C40-98F1-76CE0F3E369D}.Release|ARM.Deploy.0 = Release|ARM
		{04091B3A-F7C2-4C40-98F1-76CE0F3E369D}.Release|ARM64.ActiveCfg = Release|ARM64
		{04091B3A-F7C2-4C40-98F1-76CE0F3E369D}.Release|ARM64.Build.0 = Release|ARM64
		{04091B3A-F7C2-4C40-98F1-76CE0F3E369D}.Release|ARM64.Deploy.0 = Release|ARM64
		{04091B3A-F7C2-4C40-98F1-76CE0F3E369D}.Release|x64.ActiveCfg = Release|x64
		{04091B3A-F7C2-4C40-98F1-76CE0F3E369D}.Release|x64.Build.0 = Release|x64
		{04091B3A-F7C2-4C40-98F1-76CE0F3E369D}.Release|x64.Deploy.0 = Release|x64
		{04091B3A-F7C2-4C40-98F1-76CE0F3E369D}.Release|x86.ActiveCfg = Release|x86
		{04091B3A-F7C2-4C40-98F1-76CE0F3E369D}.Release|x86.Build.0 = Release|x86
		{04091B3A-F7C2-4C40-98F1-76CE0F3E369D}.Release|x86.Deploy.0 = Release|x86
		{2D7B4277-8493-49CD-938E-6F00A5232355}.Debug|Any CPU.ActiveCfg = Debug|x86
		{2D7B4277-8493-49CD-938E-6F00A5232355}.Debug|ARM.ActiveCfg = Debug|ARM
		{2D7B4277-8493-49CD-938E-6F00A5232355}.Debug|ARM.Build.0 = Debug|ARM
		{2D7B4277-8493-49CD-938E-6F00A5232355}.Debug|ARM.Deploy.0 = Debug|ARM
		{2D7B4277-8493-49CD-938E-6F00A5232355}.Debug|ARM64.ActiveCfg = Debug|ARM64
		{2D7B4277-8493-49CD-938E-6F00A5232355}.Debug|ARM64.Build.0 = Debug|ARM64
		{2D7B4277-8493-49CD-938E-6F00A5232355}.Debug|ARM64.Deploy.0 = Debug|ARM64
		{2D7B4277-8493-49CD-938E-6F00A5232355}.Debug|x64.ActiveCfg = Debug|x64
		{2D7B4277-8493-49CD-938E-6F00A5232355}.Debug|x64.Build.0 = Debug|x64
		{2D7B4277-8493-49CD-938E-6F00A5232355}.Debug|x64.Deploy.0 = Debug|x64
		{2D7B4277-8493-49CD-938E-6F00A5232355}.Debug|x86.ActiveCfg = Debug|x86
		{2D7B4277-8493-49CD-938E-6F00A5232355}.Debug|x86.Build.0 = Debug|x86
		{2D7B4277-8493-49CD-938E-6F00A5232355}.Debug|x86.Deploy.0 = Debug|x86
		{2D7B4277-8493-49CD-938E-6F00A5232355}.Release|Any CPU.ActiveCfg = Release|x86
		{2D7B4277-8493-49CD-938E-6F00A5232355}.Release|ARM.ActiveCfg = Release|ARM
		{2D7B4277-8493-49CD-938E-6F00A5232355}.Release|ARM.Build.0 = Release|ARM
		{2D7B4277-8493-49CD-938E-6F00A5232355}.Release|ARM.Deploy.0 = Release|ARM
		{2D7B4277-8493-49CD-938E-6F00A5232355}.Release|ARM64.ActiveCfg = Release|ARM64
		{2D7B4277-8493-49CD-938E-6F00A5232355}.Release|ARM64.Build.0 = Release|ARM64
		{2D7B4277-8493-49CD-938E-6F00A5232355}.Release|ARM64.Deploy.0 = Release|ARM64
		{2D7B4277-8493-49CD-938E-6F00A5232355}.Release|x64.ActiveCfg = Release|x64
		{2D7B4277-8493-49CD-938E-6F00A5232355}.Release|x64.Build.0 = Release|x64
		{2D7B4277-8493-49CD-938E-6F00A5232355}.Release|x64.Deploy.0 = Release|x64
		{2D7B4277-8493-49CD-938E-6F00A5232355}.Release|x86.ActiveCfg = Release|x86
		{2D7B4277-8493-49CD-938E-6F00A5232355}.Release|x86.Build.0 = Release|x86
		{2D7B4277-8493-49CD-938E-6F00A5232355}.Release|x86.Deploy.0 = Release|x86
		{5A66BAEA-C914-4D44-8A27-BEEEB5904ACF}.Debug|Any CPU.ActiveCfg = Debug|x86
		{5A66BAEA-C914-4D44-8A27-BEEEB5904ACF}.Debug|ARM.ActiveCfg = Debug|ARM
		{5A66BAEA-C914-4D44-8A27-BEEEB5904ACF}.Debug|ARM.Build.0 = Debug|ARM
		{5A66BAEA-C914-4D44-8A27-BEEEB5904ACF}.Debug|ARM.Deploy.0 = Debug|ARM
		{5A66BAEA-C914-4D44-8A27-BEEEB5904ACF}.Debug|ARM64.ActiveCfg = Debug|ARM64
		{5A66BAEA-C914-4D44-8A27-BEEEB5904ACF}.Debug|ARM64.Build.0 = Debug|ARM64
		{5A66BAEA-C914-4D44-8A27-BEEEB5904ACF}.Debug|ARM64.Deploy.0 = Debug|ARM64
		{5A66BAEA-C914-4D44-8A27-BEEEB5904ACF}.Debug|x64.ActiveCfg = Debug|x64
		{5A66BAEA-C914-4D44-8A27-BEEEB5904ACF}.Debug|x64.Build.0 = Debug|x64
		{5A66BAEA-C914-4D44-8A27-BEEEB5904ACF}.Debug|x64.Deploy.0 = Debug|x64
		{5A66BAEA-C914-4D44-8A27-BEEEB5904ACF}.Debug|x86.ActiveCfg = Debug|x86
		{5A66BAEA-C914-4D44-8A27-BEEEB5904ACF}.Debug|x86.Build.0 = Debug|x86
		{5A66BAEA-C914-4D44-8A27-BEEEB5904ACF}.Debug|x86.Deploy.0 = Debug|x86
		{5A66BAEA-C914-4D44-8A27-BEEEB5904ACF}.Release|Any CPU.ActiveCfg = Release|x86
		{5A66BAEA-C914-4D44-8A27-BEEEB5904ACF}.Release|ARM.ActiveCfg = Release|ARM
		{5A66BAEA-C914-4D44-8A27-BEEEB5904ACF}.Release|ARM.Build.0 = Release|ARM
		{5A66BAEA-C914-4D44-8A27-BEEEB5904ACF}.Release|ARM.Deploy.0 = Release|ARM
		{5A66BAEA-C914-4D44-8A27-BEEEB5904ACF}.Release|ARM64.ActiveCfg = Release|ARM64
		{5A66BAEA-C914-4D44-8A27-BEEEB5904ACF}.Release|ARM64.Build.0 = Release|ARM64
		{5A66BAEA-C914-4D44-8A27-BEEEB5904ACF}.Release|ARM64.Deploy.0 = Release|ARM64
		{5A66BAEA-C914-4D44-8A27-BEEEB5904ACF}.Release|x64.ActiveCfg = Release|x64
		{5A66BAEA-C914-4D44-8A27-BEEEB5904ACF}.Release|x64.Build.0 = Release|x64
		{5A66BAEA-C914-4D44-8A27-BEEEB5904ACF}.Release|x64.Deploy.0 = Release|x64
		{5A66BAEA-C914-4D44-8A27-BEEEB5904ACF}.Release|x86.ActiveCfg = Release|x86
		{5A66BAEA-C914-4D44-8A27-BEEEB5904ACF}.Release|x86.Build.0 = Release|x86
		{5A66BAEA-C914-4D44-8A27-BEEEB5904ACF}.Release|x86.Deploy.0 = Release|x86
		{74CACD0F-F08B-45D2-9EA6-1F4941BC000B}.Debug|Any CPU.ActiveCfg = Debug|x86
		{74CACD0F-F08B-45D2-9EA6-1F4941BC000B}.Debug|ARM.ActiveCfg = Debug|ARM
		{74CACD0F-F08B-45D2-9EA6-1F4941BC000B}.Debug|ARM.Build.0 = Debug|ARM
		{74CACD0F-F08B-45D2-9EA6-1F4941BC000B}.Debug|ARM.Deploy.0 = Debug|ARM
		{74CACD0F-F08B-45D2-9EA6-1F4941BC000B}.Debug|ARM64.ActiveCfg = Debug|ARM64
		{74CACD0F-F08B-45D2-9EA6-1F4941BC000B}.Debug|ARM64.Build.0 = Debug|ARM64
		{74CACD0F-F08B-45D2-9EA6-1F4941BC000B}.Debug|ARM64.Deploy.0 = Debug|ARM64
		{74CACD0F-F08B-45D2-9EA6-1F4941BC000B}.Debug|x64.ActiveCfg = Debug|x64
		{74CACD0F-F08B-45D2-9EA6-1F4941BC000B}.Debug|x64.Build.0 = Debug|x64
		{74CACD0F-F08B-45D2-9EA6-1F4941BC000B}.Debug|x64.Deploy.0 = Debug|x64
		{74CACD0F-F08B-45D2-9EA6-1F4941BC000B}.Debug|x86.ActiveCfg = Debug|x86
		{74CACD0F-F08B-45D2-9EA6-1F4941BC000B}.Debug|x86.Build.0 = Debug|x86
		{74CACD0F-F08B-45D2-9EA6-1F4941BC000B}.Debug|x86.Deploy.0 = Debug|x86
		{74CACD0F-F08B-45D2-9EA6-1F4941BC000B}.Release|Any CPU.ActiveCfg = Release|x86
		{74CACD0F-F08B-45D2-9EA6-1F4941BC000B}.Release|ARM.ActiveCfg = Release|ARM
		{74CACD0F-F08B-45D2-9EA6-1F4941BC000B}.Release|ARM.Build.0 = Release|ARM
		{74CACD0F-F08B-45D2-9EA6-1F4941BC000B}.Release|ARM.Deploy.0 = Release|ARM
		{74CACD0F-F08B-45D2-9EA6-1F4941BC000B}.Release|ARM64.ActiveCfg = Release|ARM64
		{74CACD0F-F08B-45D2-9EA6-1F4941BC000B}.Release|ARM64.Build.0 = Release|ARM64
		{74CACD0F-F08B-45D2-9EA6-1F4941BC000B}.Release|ARM64.Deploy.0 = Release|ARM64
		{74CACD0F-F08B-45D2-9EA6-1F4941BC000B}.Release|x64.ActiveCfg = Release|x64
		{74CACD0F-F08B-45D2-9EA6-1F4941BC000B}.Release|x64.Build.0 = Release|x64
		{74CACD0F-F08B-45D2-9EA6-1F4941BC000B}.Release|x64.Deploy.0 = Release|x64
		{74CACD0F-F08B-45D2-9EA6-1F4941BC000B}.Release|x86.ActiveCfg = Release|x86
		{74CACD0F-F08B-45D2-9EA6-1F4941BC000B}.Release|x86.Build.0 = Release|x86
		{74CACD0F-F08B-45D2-9EA6-1F4941BC000B}.Release|x86.Deploy.0 = Release|x86
		{940FE2BA-84C3-48E6-AC07-FF221F3D6612}.Debug|Any CPU.ActiveCfg = Debug|x86
		{940FE2BA-84C3-48E6-AC07-FF221F3D6612}.Debug|ARM.ActiveCfg = Debug|ARM
		{940FE2BA-84C3-48E6-AC07-FF221F3D6612}.Debug|ARM.Build.0 = Debug|ARM
		{940FE2BA-84C3-48E6-AC07-FF221F3D6612}.Debug|ARM.Deploy.0 = Debug|ARM
		{940FE2BA-84C3-48E6-AC07-FF221F3D6612}.Debug|ARM64.ActiveCfg = Debug|ARM64
		{940FE2BA-84C3-48E6-AC07-FF221F3D6612}.Debug|ARM64.Build.0 = Debug|ARM64
		{940FE2BA-84C3-48E6-AC07-FF221F3D6612}.Debug|ARM64.Deploy.0 = Debug|ARM64
		{940FE2BA-84C3-48E6-AC07-FF221F3D6612}.Debug|x64.ActiveCfg = Debug|x64
		{940FE2BA-84C3-48E6-AC07-FF221F3D6612}.Debug|x64.Build.0 = Debug|x64
		{940FE2BA-84C3-48E6-AC07-FF221F3D6612}.Debug|x64.Deploy.0 = Debug|x64
		{940FE2BA-84C3-48E6-AC07-FF221F3D6612}.Debug|x86.ActiveCfg = Debug|x86
		{940FE2BA-84C3-48E6-AC07-FF221F3D6612}.Debug|x86.Build.0 = Debug|x86
		{940FE2BA-84C3-48E6-AC07-FF221F3D6612}.Debug|x86.Deploy.0 = Debug|x86
		{940FE2BA-84C3-48E6-AC07-FF221F3D6612}.Release|Any CPU.ActiveCfg = Release|x86
		{940FE2BA-84C3-48E6-AC07-FF221F3D6612}.Release|ARM.ActiveCfg = Release|ARM
		{940FE2BA-84C3-48E6-AC07-FF221F3D6612}.Release|ARM.Build.0 = Release|ARM
		{940FE2BA-84C3-48E6-AC07-FF221F3D6612}.Release|ARM.Deploy.0 = Release|ARM
		{940FE2BA-84C3-48E6-AC07-FF221F3D6612}.Release|ARM64.ActiveCfg = Release|ARM64
		{940FE2BA-84C3-48E6-AC07-FF221F3D6612}.Release|ARM64.Build.0 = Release|ARM64
		{940FE2BA-84C3-48E6-AC07-FF221F3D6612}.Release|ARM64.Deploy.0 = Release|ARM64
		{940FE2BA-84C3-48E6-AC07-FF221F3D6612}.Release|x64.ActiveCfg = Release|x64
		{940FE2BA-84C3-48E6-AC07-FF221F3D6612}.Release|x64.Build.0 = Release|x64
		{940FE2BA-84C3-48E6-AC07-FF221F3D6612}.Release|x64.Deploy.0 = Release|x64
		{940FE2BA-84C3-48E6-AC07-FF221F3D6612}.Release|x86.ActiveCfg = Release|x86
		{940FE2BA-84C3-48E6-AC07-FF221F3D6612}.Release|x86.Build.0 = Release|x86
		{940FE2BA-84C3-48E6-AC07-FF221F3D6612}.Release|x86.Deploy.0 = Release|x86
	EndGlobalSection
	GlobalSection(SolutionProperties) = preSolution
		HideSolutionNode = FALSE
	EndGlobalSection
	GlobalSection(ExtensibilityGlobals) = postSolution
		SolutionGuid = {37B83966-788D-4319-8926-82283624AC23}
	EndGlobalSection
EndGlobal
