
Microsoft Visual Studio Solution File, Format Version 12.00
# Visual Studio Version 16
VisualStudioVersion = 16.0.30413.136
MinimumVisualStudioVersion = 10.0.40219.1
Project("{FAE04EC0-301F-11D3-BF4B-00C04F79EFBC}") = "HelloWebForm", "HelloWebForm\HelloWebForm.csproj", "{CF257DD8-7D00-4D91-A742-D2EDEDDB50B8}"
EndProject
Project("{FAE04EC0-301F-11D3-BF4B-00C04F79EFBC}") = "TestAuthenlication", "TestAuthenlication\TestAuthenlication.csproj", "{213F0309-6B28-42B7-A9FE-F29C74279B66}"
EndProject
Project("{FAE04EC0-301F-11D3-BF4B-00C04F79EFBC}") = "WingtipToys", "WingtipToys\WingtipToys.csproj", "{182178E3-292A-41A7-B8E0-0B09478B5383}"
EndProject
Global
	GlobalSection(SolutionConfigurationPlatforms) = preSolution
		Debug|Any CPU = Debug|Any CPU
		Release|Any CPU = Release|Any CPU
	EndGlobalSection
	GlobalSection(ProjectConfigurationPlatforms) = postSolution
		{CF257DD8-7D00-4D91-A742-D2EDEDDB50B8}.Debug|Any CPU.ActiveCfg = Debug|Any CPU
		{CF257DD8-7D00-4D91-A742-D2EDEDDB50B8}.Debug|Any CPU.Build.0 = Debug|Any CPU
		{CF257DD8-7D00-4D91-A742-D2EDEDDB50B8}.Release|Any CPU.ActiveCfg = Release|Any CPU
		{CF257DD8-7D00-4D91-A742-D2EDEDDB50B8}.Release|Any CPU.Build.0 = Release|Any CPU
		{213F0309-6B28-42B7-A9FE-F29C74279B66}.Debug|Any CPU.ActiveCfg = Debug|Any CPU
		{213F0309-6B28-42B7-A9FE-F29C74279B66}.Debug|Any CPU.Build.0 = Debug|Any CPU
		{213F0309-6B28-42B7-A9FE-F29C74279B66}.Release|Any CPU.ActiveCfg = Release|Any CPU
		{213F0309-6B28-42B7-A9FE-F29C74279B66}.Release|Any CPU.Build.0 = Release|Any CPU
		{182178E3-292A-41A7-B8E0-0B09478B5383}.Debug|Any CPU.ActiveCfg = Debug|Any CPU
		{182178E3-292A-41A7-B8E0-0B09478B5383}.Debug|Any CPU.Build.0 = Debug|Any CPU
		{182178E3-292A-41A7-B8E0-0B09478B5383}.Release|Any CPU.ActiveCfg = Release|Any CPU
		{182178E3-292A-41A7-B8E0-0B09478B5383}.Release|Any CPU.Build.0 = Release|Any CPU
	EndGlobalSection
	GlobalSection(SolutionProperties) = preSolution
		HideSolutionNode = FALSE
	EndGlobalSection
	GlobalSection(ExtensibilityGlobals) = postSolution
		SolutionGuid = {8ABB44C1-17C9-4C4D-B15D-EEE7102245A2}
	EndGlobalSection
EndGlobal
